// !$*UTF8*$!
{
	archiveVersion = 1;
	classes = {
	};
	objectVersion = 50;
	objects = {

/* Begin PBXBuildFile section */
		56051D962434EC1000559446 /* AppDelegate.swift in Sources */ = {isa = PBXBuildFile; fileRef = 56051D952434EC1000559446 /* AppDelegate.swift */; };
		56051D982434EC1000559446 /* SceneDelegate.swift in Sources */ = {isa = PBXBuildFile; fileRef = 56051D972434EC1000559446 /* SceneDelegate.swift */; };
		56051D9A2434EC1000559446 /* EmojiArtViewController.swift in Sources */ = {isa = PBXBuildFile; fileRef = 56051D992434EC1000559446 /* EmojiArtViewController.swift */; };
		56051D9D2434EC1000559446 /* Main.storyboard in Resources */ = {isa = PBXBuildFile; fileRef = 56051D9B2434EC1000559446 /* Main.storyboard */; };
		56051D9F2434EC1200559446 /* Assets.xcassets in Resources */ = {isa = PBXBuildFile; fileRef = 56051D9E2434EC1200559446 /* Assets.xcassets */; };
		56051DA22434EC1200559446 /* LaunchScreen.storyboard in Resources */ = {isa = PBXBuildFile; fileRef = 56051DA02434EC1200559446 /* LaunchScreen.storyboard */; };
		56051DAD2435E25A00559446 /* EmojiArtView.swift in Sources */ = {isa = PBXBuildFile; fileRef = 56051DAC2435E25A00559446 /* EmojiArtView.swift */; };
		56051DB02435EF9900559446 /* Utilities.swift in Sources */ = {isa = PBXBuildFile; fileRef = 56051DAF2435EF9900559446 /* Utilities.swift */; };
		56051DB424360B4D00559446 /* EmojiArtDocumentTableViewController.swift in Sources */ = {isa = PBXBuildFile; fileRef = 56051DB324360B4D00559446 /* EmojiArtDocumentTableViewController.swift */; };
		56A3AA0224372D4600D95425 /* EmojiCollectionViewCell.swift in Sources */ = {isa = PBXBuildFile; fileRef = 56A3AA0124372D4600D95425 /* EmojiCollectionViewCell.swift */; };
/* End PBXBuildFile section */

/* Begin PBXFileReference section */
		56051D922434EC1000559446 /* EmojiArt.app */ = {isa = PBXFileReference; explicitFileType = wrapper.application; includeInIndex = 0; path = EmojiArt.app; sourceTree = BUILT_PRODUCTS_DIR; };
		56051D952434EC1000559446 /* AppDelegate.swift */ = {isa = PBXFileReference; lastKnownFileType = sourcecode.swift; path = AppDelegate.swift; sourceTree = "<group>"; };
		56051D972434EC1000559446 /* SceneDelegate.swift */ = {isa = PBXFileReference; lastKnownFileType = sourcecode.swift; path = SceneDelegate.swift; sourceTree = "<group>"; };
		56051D992434EC1000559446 /* EmojiArtViewController.swift */ = {isa = PBXFileReference; lastKnownFileType = sourcecode.swift; path = EmojiArtViewController.swift; sourceTree = "<group>"; };
		56051D9C2434EC1000559446 /* Base */ = {isa = PBXFileReference; lastKnownFileType = file.storyboard; name = Base; path = Base.lproj/Main.storyboard; sourceTree = "<group>"; };
		56051D9E2434EC1200559446 /* Assets.xcassets */ = {isa = PBXFileReference; lastKnownFileType = folder.assetcatalog; path = Assets.xcassets; sourceTree = "<group>"; };
		56051DA12434EC1200559446 /* Base */ = {isa = PBXFileReference; lastKnownFileType = file.storyboard; name = Base; path = Base.lproj/LaunchScreen.storyboard; sourceTree = "<group>"; };
		56051DA32434EC1200559446 /* Info.plist */ = {isa = PBXFileReference; lastKnownFileType = text.plist.xml; path = Info.plist; sourceTree = "<group>"; };
		56051DAC2435E25A00559446 /* EmojiArtView.swift */ = {isa = PBXFileReference; lastKnownFileType = sourcecode.swift; path = EmojiArtView.swift; sourceTree = "<group>"; };
		56051DAF2435EF9900559446 /* Utilities.swift */ = {isa = PBXFileReference; lastKnownFileType = sourcecode.swift; path = Utilities.swift; sourceTree = "<group>"; };
		56051DB324360B4D00559446 /* EmojiArtDocumentTableViewController.swift */ = {isa = PBXFileReference; lastKnownFileType = sourcecode.swift; path = EmojiArtDocumentTableViewController.swift; sourceTree = "<group>"; };
		56A3AA0124372D4600D95425 /* EmojiCollectionViewCell.swift */ = {isa = PBXFileReference; lastKnownFileType = sourcecode.swift; path = EmojiCollectionViewCell.swift; sourceTree = "<group>"; };
/* End PBXFileReference section */

/* Begin PBXFrameworksBuildPhase section */
		56051D8F2434EC1000559446 /* Frameworks */ = {
			isa = PBXFrameworksBuildPhase;
			buildActionMask = 2147483647;
			files = (
			);
			runOnlyForDeploymentPostprocessing = 0;
		};
/* End PBXFrameworksBuildPhase section */

/* Begin PBXGroup section */
		56051D892434EC1000559446 = {
			isa = PBXGroup;
			children = (
				56051D942434EC1000559446 /* EmojiArt */,
				56051D932434EC1000559446 /* Products */,
			);
			sourceTree = "<group>";
		};
		56051D932434EC1000559446 /* Products */ = {
			isa = PBXGroup;
			children = (
				56051D922434EC1000559446 /* EmojiArt.app */,
			);
			name = Products;
			sourceTree = "<group>";
		};
		56051D942434EC1000559446 /* EmojiArt */ = {
			isa = PBXGroup;
			children = (
				56051DB324360B4D00559446 /* EmojiArtDocumentTableViewController.swift */,
				56051D992434EC1000559446 /* EmojiArtViewController.swift */,
				56A3AA0124372D4600D95425 /* EmojiCollectionViewCell.swift */,
				56051DAF2435EF9900559446 /* Utilities.swift */,
				56051DAE2435E25E00559446 /* View */,
				56051DA92434EE0000559446 /* Application */,
				56051DAA2434EE3E00559446 /* Storyboard */,
				56051DAB2434EE8100559446 /* Resources */,
			);
			path = EmojiArt;
			sourceTree = "<group>";
		};
		56051DA92434EE0000559446 /* Application */ = {
			isa = PBXGroup;
			children = (
				56051D952434EC1000559446 /* AppDelegate.swift */,
				56051D972434EC1000559446 /* SceneDelegate.swift */,
				56051DA32434EC1200559446 /* Info.plist */,
			);
			path = Application;
			sourceTree = "<group>";
		};
		56051DAA2434EE3E00559446 /* Storyboard */ = {
			isa = PBXGroup;
			children = (
				56051D9B2434EC1000559446 /* Main.storyboard */,
				56051DA02434EC1200559446 /* LaunchScreen.storyboard */,
			);
			path = Storyboard;
			sourceTree = "<group>";
		};
		56051DAB2434EE8100559446 /* Resources */ = {
			isa = PBXGroup;
			children = (
				56051D9E2434EC1200559446 /* Assets.xcassets */,
			);
			path = Resources;
			sourceTree = "<group>";
		};
		56051DAE2435E25E00559446 /* View */ = {
			isa = PBXGroup;
			children = (
				56051DAC2435E25A00559446 /* EmojiArtView.swift */,
			);
			path = View;
			sourceTree = "<group>";
		};
/* End PBXGroup section */

/* Begin PBXNativeTarget section */
		56051D912434EC1000559446 /* EmojiArt */ = {
			isa = PBXNativeTarget;
			buildConfigurationList = 56051DA62434EC1200559446 /* Build configuration list for PBXNativeTarget "EmojiArt" */;
			buildPhases = (
				56051D8E2434EC1000559446 /* Sources */,
				56051D8F2434EC1000559446 /* Frameworks */,
				56051D902434EC1000559446 /* Resources */,
			);
			buildRules = (
			);
			dependencies = (
			);
			name = EmojiArt;
			productName = EmojiArt;
			productReference = 56051D922434EC1000559446 /* EmojiArt.app */;
			productType = "com.apple.product-type.application";
		};
/* End PBXNativeTarget section */

/* Begin PBXProject section */
		56051D8A2434EC1000559446 /* Project object */ = {
			isa = PBXProject;
			attributes = {
				LastSwiftUpdateCheck = 1120;
				LastUpgradeCheck = 1120;
				ORGANIZATIONNAME = GermanyHome;
				TargetAttributes = {
					56051D912434EC1000559446 = {
						CreatedOnToolsVersion = 11.2.1;
					};
				};
			};
			buildConfigurationList = 56051D8D2434EC1000559446 /* Build configuration list for PBXProject "EmojiArt" */;
			compatibilityVersion = "Xcode 9.3";
			developmentRegion = en;
			hasScannedForEncodings = 0;
			knownRegions = (
				en,
				Base,
			);
			mainGroup = 56051D892434EC1000559446;
			productRefGroup = 56051D932434EC1000559446 /* Products */;
			projectDirPath = "";
			projectRoot = "";
			targets = (
				56051D912434EC1000559446 /* EmojiArt */,
			);
		};
/* End PBXProject section */

/* Begin PBXResourcesBuildPhase section */
		56051D902434EC1000559446 /* Resources */ = {
			isa = PBXResourcesBuildPhase;
			buildActionMask = 2147483647;
			files = (
				56051DA22434EC1200559446 /* LaunchScreen.storyboard in Resources */,
				56051D9F2434EC1200559446 /* Assets.xcassets in Resources */,
				56051D9D2434EC1000559446 /* Main.storyboard in Resources */,
			);
			runOnlyForDeploymentPostprocessing = 0;
		};
/* End PBXResourcesBuildPhase section */

/* Begin PBXSourcesBuildPhase section */
		56051D8E2434EC1000559446 /* Sources */ = {
			isa = PBXSourcesBuildPhase;
			buildActionMask = 2147483647;
			files = (
				56A3AA0224372D4600D95425 /* EmojiCollectionViewCell.swift in Sources */,
				56051DAD2435E25A00559446 /* EmojiArtView.swift in Sources */,
				56051DB424360B4D00559446 /* EmojiArtDocumentTableViewController.swift in Sources */,
				56051D9A2434EC1000559446 /* EmojiArtViewController.swift in Sources */,
				56051D962434EC1000559446 /* AppDelegate.swift in Sources */,
				56051D982434EC1000559446 /* SceneDelegate.swift in Sources */,
				56051DB02435EF9900559446 /* Utilities.swift in Sources */,
			);
			runOnlyForDeploymentPostprocessing = 0;
		};
/* End PBXSourcesBuildPhase section */

/* Begin PBXVariantGroup section */
		56051D9B2434EC1000559446 /* Main.storyboard */ = {
			isa = PBXVariantGroup;
			children = (
				56051D9C2434EC1000559446 /* Base */,
			);
			name = Main.storyboard;
			sourceTree = "<group>";
		};
		56051DA02434EC1200559446 /* LaunchScreen.storyboard */ = {
			isa = PBXVariantGroup;
			children = (
				56051DA12434EC1200559446 /* Base */,
			);
			name = LaunchScreen.storyboard;
			sourceTree = "<group>";
		};
/* End PBXVariantGroup section */

/* Begin XCBuildConfiguration section */
		56051DA42434EC1200559446 /* Debug */ = {
			isa = XCBuildConfiguration;
			buildSettings = {
				ALWAYS_SEARCH_USER_PATHS = NO;
				CLANG_ANALYZER_NONNULL = YES;
				CLANG_ANALYZER_NUMBER_OBJECT_CONVERSION = YES_AGGRESSIVE;
				CLANG_CXX_LANGUAGE_STANDARD = "gnu++14";
				CLANG_CXX_LIBRARY = "libc++";
				CLANG_ENABLE_MODULES = YES;
				CLANG_ENABLE_OBJC_ARC = YES;
				CLANG_ENABLE_OBJC_WEAK = YES;
				CLANG_WARN_BLOCK_CAPTURE_AUTORELEASING = YES;
				CLANG_WARN_BOOL_CONVERSION = YES;
				CLANG_WARN_COMMA = YES;
				CLANG_WARN_CONSTANT_CONVERSION = YES;
				CLANG_WARN_DEPRECATED_OBJC_IMPLEMENTATIONS = YES;
				CLANG_WARN_DIRECT_OBJC_ISA_USAGE = YES_ERROR;
				CLANG_WARN_DOCUMENTATION_COMMENTS = YES;
				CLANG_WARN_EMPTY_BODY = YES;
				CLANG_WARN_ENUM_CONVERSION = YES;
				CLANG_WARN_INFINITE_RECURSION = YES;
				CLANG_WARN_INT_CONVERSION = YES;
				CLANG_WARN_NON_LITERAL_NULL_CONVERSION = YES;
				CLANG_WARN_OBJC_IMPLICIT_RETAIN_SELF = YES;
				CLANG_WARN_OBJC_LITERAL_CONVERSION = YES;
				CLANG_WARN_OBJC_ROOT_CLASS = YES_ERROR;
				CLANG_WARN_RANGE_LOOP_ANALYSIS = YES;
				CLANG_WARN_STRICT_PROTOTYPES = YES;
				CLANG_WARN_SUSPICIOUS_MOVE = YES;
				CLANG_WARN_UNGUARDED_AVAILABILITY = YES_AGGRESSIVE;
				CLANG_WARN_UNREACHABLE_CODE = YES;
				CLANG_WARN__DUPLICATE_METHOD_MATCH = YES;
				COPY_PHASE_STRIP = NO;
				DEBUG_INFORMATION_FORMAT = dwarf;
				ENABLE_STRICT_OBJC_MSGSEND = YES;
				ENABLE_TESTABILITY = YES;
				GCC_C_LANGUAGE_STANDARD = gnu11;
				GCC_DYNAMIC_NO_PIC = NO;
				GCC_NO_COMMON_BLOCKS = YES;
				GCC_OPTIMIZATION_LEVEL = 0;
				GCC_PREPROCESSOR_DEFINITIONS = (
					"DEBUG=1",
					"$(inherited)",
				);
				GCC_WARN_64_TO_32_BIT_CONVERSION = YES;
				GCC_WARN_ABOUT_RETURN_TYPE = YES_ERROR;
				GCC_WARN_UNDECLARED_SELECTOR = YES;
				GCC_WARN_UNINITIALIZED_AUTOS = YES_AGGRESSIVE;
				GCC_WARN_UNUSED_FUNCTION = YES;
				GCC_WARN_UNUSED_VARIABLE = YES;
				IPHONEOS_DEPLOYMENT_TARGET = 13.2;
				MTL_ENABLE_DEBUG_INFO = INCLUDE_SOURCE;
				MTL_FAST_MATH = YES;
				ONLY_ACTIVE_ARCH = YES;
				SDKROOT = iphoneos;
				SWIFT_ACTIVE_COMPILATION_CONDITIONS = DEBUG;
				SWIFT_OPTIMIZATION_LEVEL = "-Onone";
			};
			name = Debug;
		};
		56051DA52434EC1200559446 /* Release */ = {
			isa = XCBuildConfiguration;
			buildSettings = {
				ALWAYS_SEARCH_USER_PATHS = NO;
				CLANG_ANALYZER_NONNULL = YES;
				CLANG_ANALYZER_NUMBER_OBJECT_CONVERSION = YES_AGGRESSIVE;
				CLANG_CXX_LANGUAGE_STANDARD = "gnu++14";
				CLANG_CXX_LIBRARY = "libc++";
				CLANG_ENABLE_MODULES = YES;
				CLANG_ENABLE_OBJC_ARC = YES;
				CLANG_ENABLE_OBJC_WEAK = YES;
				CLANG_WARN_BLOCK_CAPTURE_AUTORELEASING = YES;
				CLANG_WARN_BOOL_CONVERSION = YES;
				CLANG_WARN_COMMA = YES;
				CLANG_WARN_CONSTANT_CONVERSION = YES;
				CLANG_WARN_DEPRECATED_OBJC_IMPLEMENTATIONS = YES;
				CLANG_WARN_DIRECT_OBJC_ISA_USAGE = YES_ERROR;
				CLANG_WARN_DOCUMENTATION_COMMENTS = YES;
				CLANG_WARN_EMPTY_BODY = YES;
				CLANG_WARN_ENUM_CONVERSION = YES;
				CLANG_WARN_INFINITE_RECURSION = YES;
				CLANG_WARN_INT_CONVERSION = YES;
				CLANG_WARN_NON_LITERAL_NULL_CONVERSION = YES;
				CLANG_WARN_OBJC_IMPLICIT_RETAIN_SELF = YES;
				CLANG_WARN_OBJC_LITERAL_CONVERSION = YES;
				CLANG_WARN_OBJC_ROOT_CLASS = YES_ERROR;
				CLANG_WARN_RANGE_LOOP_ANALYSIS = YES;
				CLANG_WARN_STRICT_PROTOTYPES = YES;
				CLANG_WARN_SUSPICIOUS_MOVE = YES;
				CLANG_WARN_UNGUARDED_AVAILABILITY = YES_AGGRESSIVE;
				CLANG_WARN_UNREACHABLE_CODE = YES;
				CLANG_WARN__DUPLICATE_METHOD_MATCH = YES;
				COPY_PHASE_STRIP = NO;
				DEBUG_INFORMATION_FORMAT = "dwarf-with-dsym";
				ENABLE_NS_ASSERTIONS = NO;
				ENABLE_STRICT_OBJC_MSGSEND = YES;
				GCC_C_LANGUAGE_STANDARD = gnu11;
				GCC_NO_COMMON_BLOCKS = YES;
				GCC_WARN_64_TO_32_BIT_CONVERSION = YES;
				GCC_WARN_ABOUT_RETURN_TYPE = YES_ERROR;
				GCC_WARN_UNDECLARED_SELECTOR = YES;
				GCC_WARN_UNINITIALIZED_AUTOS = YES_AGGRESSIVE;
				GCC_WARN_UNUSED_FUNCTION = YES;
				GCC_WARN_UNUSED_VARIABLE = YES;
				IPHONEOS_DEPLOYMENT_TARGET = 13.2;
				MTL_ENABLE_DEBUG_INFO = NO;
				MTL_FAST_MATH = YES;
				SDKROOT = iphoneos;
				SWIFT_COMPILATION_MODE = wholemodule;
				SWIFT_OPTIMIZATION_LEVEL = "-O";
				VALIDATE_PRODUCT = YES;
			};
			name = Release;
		};
		56051DA72434EC1200559446 /* Debug */ = {
			isa = XCBuildConfiguration;
			buildSettings = {
				ASSETCATALOG_COMPILER_APPICON_NAME = AppIcon;
				CODE_SIGN_STYLE = Automatic;
				DEVELOPMENT_TEAM = VL3SPLW988;
				INFOPLIST_FILE = EmojiArt/Application/Info.plist;
				LD_RUNPATH_SEARCH_PATHS = (
					"$(inherited)",
					"@executable_path/Frameworks",
				);
				PRODUCT_BUNDLE_IDENTIFIER = ru.home.germany.EmojiArt;
				PRODUCT_NAME = "$(TARGET_NAME)";
				SWIFT_VERSION = 5.0;
				TARGETED_DEVICE_FAMILY = "1,2";
			};
			name = Debug;
		};
		56051DA82434EC1200559446 /* Release */ = {
			isa = XCBuildConfiguration;
			buildSettings = {
				ASSETCATALOG_COMPILER_APPICON_NAME = AppIcon;
				CODE_SIGN_STYLE = Automatic;
				DEVELOPMENT_TEAM = VL3SPLW988;
				INFOPLIST_FILE = EmojiArt/Application/Info.plist;
				LD_RUNPATH_SEARCH_PATHS = (
					"$(inherited)",
					"@executable_path/Frameworks",
				);
				PRODUCT_BUNDLE_IDENTIFIER = ru.home.germany.EmojiArt;
				PRODUCT_NAME = "$(TARGET_NAME)";
				SWIFT_VERSION = 5.0;
				TARGETED_DEVICE_FAMILY = "1,2";
			};
			name = Release;
		};
/* End XCBuildConfiguration section */

/* Begin XCConfigurationList section */
		56051D8D2434EC1000559446 /* Build configuration list for PBXProject "EmojiArt" */ = {
			isa = XCConfigurationList;
			buildConfigurations = (
				56051DA42434EC1200559446 /* Debug */,
				56051DA52434EC1200559446 /* Release */,
			);
			defaultConfigurationIsVisible = 0;
			defaultConfigurationName = Release;
		};
		56051DA62434EC1200559446 /* Build configuration list for PBXNativeTarget "EmojiArt" */ = {
			isa = XCConfigurationList;
			buildConfigurations = (
				56051DA72434EC1200559446 /* Debug */,
				56051DA82434EC1200559446 /* Release */,
			);
			defaultConfigurationIsVisible = 0;
			defaultConfigurationName = Release;
		};
/* End XCConfigurationList section */
	};
	rootObject = 56051D8A2434EC1000559446 /* Project object */;
}
